# This file is generated by running "yarn install" inside your project.
# Manual changes might be lost - proceed with caution!

__metadata:
  version: 6
  cacheKey: 8

"@assemblyscript/loader@npm:^0.20.1":
  version: 0.20.1
  resolution: "@assemblyscript/loader@npm:0.20.1"
  checksum: f3e775f972840b82c1c5dece64664d1de2690e356252bf22e271fa0be27dca3e707c85fa9c06fc7240e1dba59df50ecf7350fc2041bcd9bc525af20464e85b40
  languageName: node
  linkType: hard

"assemblyscript-functions@workspace:.":
  version: 0.0.0-use.local
  resolution: "assemblyscript-functions@workspace:."
  dependencies:
    "@assemblyscript/loader": ^0.20.1
    assemblyscript: ^0.20.1
    assemblyscript-json: ^1.1.0
    typescript: ^4.6.2
  languageName: unknown
  linkType: soft

"assemblyscript-json@npm:^1.1.0":
  version: 1.1.0
  resolution: "assemblyscript-json@npm:1.1.0"
  checksum: 06e6df1b7b668f02e698af4c0713191220ac21573b9e945f81fb37666d25ca574b88e6ae01ead7363f2dd6c11a71c542e1f7e7abd9200a6e0ef55e3786e0e4b0
  languageName: node
  linkType: hard

"assemblyscript@npm:^0.20.1":
  version: 0.20.1
  resolution: "assemblyscript@npm:0.20.1"
  dependencies:
    binaryen: 106.0.0-nightly.20220320
    long: ^5.2.0
  bin:
    asc: bin/asc.js
    asinit: bin/asinit.js
  checksum: 8c2ba23857f77678d7c2db215cde2ef58e8007ff6e81afb7fe037d747028977c024345a9cf67bd323efe7be7108c493530f1ce20b037da45fbfe5888dda0e3f4
  languageName: node
  linkType: hard

"binaryen@npm:106.0.0-nightly.20220320":
  version: 106.0.0-nightly.20220320
  resolution: "binaryen@npm:106.0.0-nightly.20220320"
  bin:
    wasm-opt: bin/wasm-opt
    wasm2js: bin/wasm2js
  checksum: f6a48951e5413243e9de453520c9d037538261d47b9b708a5b8ef7ec9160ab5e79c91181da0db8da7f8741452ed46160a32b98baf5a57430fc7d83f90d911b5f
  languageName: node
  linkType: hard

"long@npm:^5.2.0":
  version: 5.2.0
  resolution: "long@npm:5.2.0"
  checksum: 37aa4e67b9c3eebc6d9d675adcc9d06f06059ca268922a71273de389746bf07f0ff282f9e604d17fdf84c4149099b44e936ea2b621a6c4759a216621afa97efd
  languageName: node
  linkType: hard

"typescript@npm:^4.6.2":
  version: 4.6.2
  resolution: "typescript@npm:4.6.2"
  bin:
    tsc: bin/tsc
    tsserver: bin/tsserver
  checksum: 8a44ed7e6f6c4cb1ebe8cf236ecda2fb119d84dcf0fbd77e707b2dfea1bbcfc4e366493a143513ce7f57203c75da9d4e20af6fe46de89749366351046be7577c
  languageName: node
  linkType: hard

"typescript@patch:typescript@^4.6.2#~builtin<compat/typescript>":
  version: 4.6.2
  resolution: "typescript@patch:typescript@npm%3A4.6.2#~builtin<compat/typescript>::version=4.6.2&hash=bda367"
  bin:
    tsc: bin/tsc
    tsserver: bin/tsserver
  checksum: 40b493a71747fb89fa70df104e2c4a5e284b43750af5bea024090a5261cefa387f7a9372411b13030f7bf5555cee4275443d08805642ae5c74ef76740854a4c7
  languageName: node
  linkType: hard
